
Microsoft Visual Studio Solution File, Format Version 12.00
# Visual Studio Version 17
VisualStudioVersion = 17.9.34723.18
MinimumVisualStudioVersion = 10.0.40219.1
Project("{FAE04EC0-301F-11D3-BF4B-00C04F79EFBC}") = "StudentAPI", "StudentAPI\StudentAPI.csproj", "{7E7C1E78-B5BD-4552-9623-348D0097F025}"
EndProject
Global
	GlobalSection(SolutionConfigurationPlatforms) = preSolution
		Debug|Any CPU = Debug|Any CPU
		Release|Any CPU = Release|Any CPU
	EndGlobalSection
	GlobalSection(ProjectConfigurationPlatforms) = postSolution
		{7E7C1E78-B5BD-4552-9623-348D0097F025}.Debug|Any CPU.ActiveCfg = Debug|Any CPU
		{7E7C1E78-B5BD-4552-9623-348D0097F025}.Debug|Any CPU.Build.0 = Debug|Any CPU
		{7E7C1E78-B5BD-4552-9623-348D0097F025}.Release|Any CPU.ActiveCfg = Release|Any CPU
		{7E7C1E78-B5BD-4552-9623-348D0097F025}.Release|Any CPU.Build.0 = Release|Any CPU
	EndGlobalSection
	GlobalSection(SolutionProperties) = preSolution
		HideSolutionNode = FALSE
	EndGlobalSection
	GlobalSection(ExtensibilityGlobals) = postSolution
		SolutionGuid = {75D5B710-4D5F-49D6-B8FC-A7345A4957C7}
	EndGlobalSection
EndGlobal
